# Code generated by scarb DO NOT EDIT.
version = 1

[[package]]
name = "madara_factory_contracts"
version = "0.1.0"
dependencies = [
 "openzeppelin_account",
 "openzeppelin_introspection",
 "openzeppelin_presets",
 "snforge_std",
]

[[package]]
name = "openzeppelin_access"
version = "2.0.0"
source = "registry+https://scarbs.xyz/"
checksum = "sha256:511681dd26d814ee2bc996d44ff8cb4aaa5ae9d14272130def7eb901cf004850"
dependencies = [
 "openzeppelin_introspection",
]

[[package]]
name = "openzeppelin_account"
version = "2.0.0"
source = "registry+https://scarbs.xyz/"
checksum = "sha256:fb3381c50d68b028d3801feb43df378e2bd62137b6884844f8f60aefe796188b"
dependencies = [
 "openzeppelin_introspection",
 "openzeppelin_utils",
]

[[package]]
name = "openzeppelin_finance"
version = "2.0.0"
source = "registry+https://scarbs.xyz/"
checksum = "sha256:e9456ef69502a87c4c99bf50145351b50950f8b11244847d92935c466c4ba787"
dependencies = [
 "openzeppelin_access",
 "openzeppelin_token",
]

[[package]]
name = "openzeppelin_introspection"
version = "2.0.0"
source = "registry+https://scarbs.xyz/"
checksum = "sha256:87773ed6cd2318f169283ecbbb161890d1996260a80302d81ec45b70ee5e54c1"

[[package]]
name = "openzeppelin_presets"
version = "2.0.0"
source = "registry+https://scarbs.xyz/"
checksum = "sha256:36c761ee923f1dc0887c0eab8c224b49ac242dbfe9163fbb0b08562042ab3d98"
dependencies = [
 "openzeppelin_access",
 "openzeppelin_account",
 "openzeppelin_finance",
 "openzeppelin_introspection",
 "openzeppelin_token",
 "openzeppelin_upgrades",
 "openzeppelin_utils",
]

[[package]]
name = "openzeppelin_token"
version = "2.0.0"
source = "registry+https://scarbs.xyz/"
checksum = "sha256:6fe61f63b5a6706018265fb7373b6e5bd3ff829bdc760b2b90296b1e708d180c"
dependencies = [
 "openzeppelin_access",
 "openzeppelin_account",
 "openzeppelin_introspection",
 "openzeppelin_utils",
]

[[package]]
name = "openzeppelin_upgrades"
version = "2.0.0"
source = "registry+https://scarbs.xyz/"
checksum = "sha256:560d57a9c3f3ec5a476e82fec8963c93c8df63a4ff9ff134f64ab8383bde3c61"

[[package]]
name = "openzeppelin_utils"
version = "2.0.0"
source = "registry+https://scarbs.xyz/"
checksum = "sha256:bf799c794139837f397975ffdf6a7ed5032d198bbf70e87a8f44f144a9dfc505"

[[package]]
name = "snforge_scarb_plugin"
version = "0.38.3"
source = "registry+https://scarbs.xyz/"
checksum = "sha256:0cd914b547acd96b4cad99a78e95c0eda001d0c280da4969b2161e286079cf46"

[[package]]
name = "snforge_std"
version = "0.38.3"
source = "registry+https://scarbs.xyz/"
checksum = "sha256:d376526fbbe22535ad89ed630b11d6e209f22c50168de6c6430c0591c81c3174"
dependencies = [
 "snforge_scarb_plugin",
]
