# Code generated by scarb DO NOT EDIT.
version = 1

[[package]]
name = "mock_contracts"
version = "0.1.0"
dependencies = [
 "snforge_std",
]

[[package]]
name = "snforge_scarb_plugin"
version = "0.1.0"
source = "git+https://github.com/foundry-rs/starknet-foundry?tag=v0.30.0#196f06b251926697c3d66800f2a93ae595e76496"

[[package]]
name = "snforge_std"
version = "0.30.0"
source = "git+https://github.com/foundry-rs/starknet-foundry?tag=v0.30.0#196f06b251926697c3d66800f2a93ae595e76496"
dependencies = [
 "snforge_scarb_plugin",
]
